{
  "name": "MP",
  "lockfileVersion": 3,
  "requires": true,
  "packages": {
    "": {
      "dependencies": {
        "cgi": "^0.3.1"
      }
    },
    "node_modules/bufferjs": {
      "version": "3.0.1",
      "resolved": "https://registry.npmjs.org/bufferjs/-/bufferjs-3.0.1.tgz",
      "integrity": "sha512-qrCIGPcd9ODawCNyqR2o55zgaC/r7XHZ7oUh2s99uk+NVBS3SjIHigxS1S2KXpt8wsoQxAN55iPi8GIH8TGMRg==",
      "license": "MIT",
      "engines": {
        "node": ">=0.2.0"
      }
    },
    "node_modules/bufferlist": {
      "version": "0.1.0",
      "resolved": "https://registry.npmjs.org/bufferlist/-/bufferlist-0.1.0.tgz",
      "integrity": "sha512-cg77q4YhmxV+/e7WhrShHGyOgey0GowZwg0cfXKCz5v3wfx73pUyrsnLnGY7DQZnjhtvmAaSMrf045zuJpDGDg==",
      "engines": {
        "node": "*"
      }
    },
    "node_modules/cgi": {
      "version": "0.3.1",
      "resolved": "https://registry.npmjs.org/cgi/-/cgi-0.3.1.tgz",
      "integrity": "sha512-V8UI9xBCOBKkuw1UEnD5NxHNuYDGCN3q4FncqNXPDpsSEQWwBShqUrvxIf+nL31hMHc5RCbkAuUy4r7j0wx00A==",
      "license": "MIT",
      "dependencies": {
        "debug": "2",
        "extend": "~2.0.0",
        "header-stack": "~0.0.2",
        "stream-stack": "~1.1.1"
      }
    },
    "node_modules/debug": {
      "version": "2.6.9",
      "resolved": "https://registry.npmjs.org/debug/-/debug-2.6.9.tgz",
      "integrity": "sha512-bC7ElrdJaJnPbAP+1EotYvqZsb3ecl5wi6Bfi6BJTUcNowp6cvspg0jXznRTKDjm/E7AdgFBVeAPVMNcKGsHMA==",
      "license": "MIT",
      "dependencies": {
        "ms": "2.0.0"
      }
    },
    "node_modules/extend": {
      "version": "2.0.2",
      "resolved": "https://registry.npmjs.org/extend/-/extend-2.0.2.tgz",
      "integrity": "sha512-AgFD4VU+lVLP6vjnlNfF7OeInLTyeyckCNPEsuxz1vi786UuK/nk6ynPuhn/h+Ju9++TQyr5EpLRI14fc1QtTQ==",
      "license": "MIT"
    },
    "node_modules/header-stack": {
      "version": "0.0.2",
      "resolved": "https://registry.npmjs.org/header-stack/-/header-stack-0.0.2.tgz",
      "integrity": "sha512-/Qs4VDHOv6/d7V59PxaNJvXUnk9er47KViQLa1l03dxvSzStHuAIN6cHMY1hHH/o+ceROmzaDLje918QKty0Jw==",
      "dependencies": {
        "bufferjs": ">= 0.2.3",
        "bufferlist": ">= 0.0.6",
        "stream-stack": ">= 1.1.1"
      },
      "engines": {
        "node": ">= 0.4.0"
      }
    },
    "node_modules/ms": {
      "version": "2.0.0",
      "resolved": "https://registry.npmjs.org/ms/-/ms-2.0.0.tgz",
      "integrity": "sha512-Tpp60P6IUJDTuOq/5Z8cdskzJujfwqfOTkrwIwj7IRISpnkJnT6SyJ4PCPnGMoFjC9ddhal5KVIYtAt97ix05A==",
      "license": "MIT"
    },
    "node_modules/stream-stack": {
      "version": "1.1.4",
      "resolved": "https://registry.npmjs.org/stream-stack/-/stream-stack-1.1.4.tgz",
      "integrity": "sha512-bmRYXVkxuyuiK3kvf54hgfLpv2TGlNzXE9S/DCPV82HqhcDonPFuRBWpeQUCpnRrprVCqXwrxVTq9WDwrrsLTg==",
      "engines": {
        "node": ">= 0.3.0"
      }
    }
  }
}
